// !$*UTF8*$!
{
	archiveVersion = 1;
	classes = {
	};
	objectVersion = 48;
	objects = {

/* Begin PBXBuildFile section */
		3B1C416A1F322B210000AADB /* Artwork.swift in Sources */ = {isa = PBXBuildFile; fileRef = 3B1C41691F322B210000AADB /* Artwork.swift */; };
		3B1C416C1F322BBE0000AADB /* album.json in Resources */ = {isa = PBXBuildFile; fileRef = 3B1C416B1F322BBE0000AADB /* album.json */; };
		3B1C416E1F322BEB0000AADB /* Track.swift in Sources */ = {isa = PBXBuildFile; fileRef = 3B1C416D1F322BEB0000AADB /* Track.swift */; };
		3B2DEA821F31826100551AA2 /* CiderUrlBuilderTests.swift in Sources */ = {isa = PBXBuildFile; fileRef = 3B2DEA811F31826100551AA2 /* CiderUrlBuilderTests.swift */; };
		3B2DEA851F3193A600551AA2 /* search.json in Resources */ = {isa = PBXBuildFile; fileRef = 3B2DEA841F3193A600551AA2 /* search.json */; };
		3B58AC5C1F3503C3006112EC /* song.json in Resources */ = {isa = PBXBuildFile; fileRef = 3B58AC5B1F3503C3006112EC /* song.json */; };
		3B58AC601F350495006112EC /* TrackTests.swift in Sources */ = {isa = PBXBuildFile; fileRef = 3B58AC5F1F350495006112EC /* TrackTests.swift */; };
		3B9B8C9D1F31B3EE009ECADB /* Artist.swift in Sources */ = {isa = PBXBuildFile; fileRef = 3B9B8C9C1F31B3EE009ECADB /* Artist.swift */; };
		3B9B8C9F1F31B473009ECADB /* MediaType.swift in Sources */ = {isa = PBXBuildFile; fileRef = 3B9B8C9E1F31B473009ECADB /* MediaType.swift */; };
		3B9B8CA11F31B4A5009ECADB /* XCTestCase+Helpers.swift in Sources */ = {isa = PBXBuildFile; fileRef = 3B9B8CA01F31B4A5009ECADB /* XCTestCase+Helpers.swift */; };
		3B9B8CA31F32271C009ECADB /* EditorialNotes.swift in Sources */ = {isa = PBXBuildFile; fileRef = 3B9B8CA21F32271C009ECADB /* EditorialNotes.swift */; };
		3B9B8CA51F322796009ECADB /* ArtistTests.swift in Sources */ = {isa = PBXBuildFile; fileRef = 3B9B8CA41F322796009ECADB /* ArtistTests.swift */; };
		3B9E36821F3142930014CB60 /* CiderUrlBuilder.swift in Sources */ = {isa = PBXBuildFile; fileRef = 3B9E36811F3142930014CB60 /* CiderUrlBuilder.swift */; };
		3BA049021F313BC4009DABCB /* Cider.framework in Frameworks */ = {isa = PBXBuildFile; fileRef = 3BA048F81F313BC4009DABCB /* Cider.framework */; };
		3BA049091F313BC4009DABCB /* Cider.h in Headers */ = {isa = PBXBuildFile; fileRef = 3BA048FB1F313BC4009DABCB /* Cider.h */; settings = {ATTRIBUTES = (Public, ); }; };
		3BA5B9631F37788100480149 /* ArtworkTests.swift in Sources */ = {isa = PBXBuildFile; fileRef = 3BA5B9621F37788100480149 /* ArtworkTests.swift */; };
		3BAF09A11F3BB7050018AA8B /* ContentRating.swift in Sources */ = {isa = PBXBuildFile; fileRef = 3BAF09A01F3BB7050018AA8B /* ContentRating.swift */; };
		3BAF09A41F3BB7880018AA8B /* AppleMusicAPIError.swift in Sources */ = {isa = PBXBuildFile; fileRef = 3BAF09A31F3BB7880018AA8B /* AppleMusicAPIError.swift */; };
		3BAF09A61F3BB8FC0018AA8B /* Resource.swift in Sources */ = {isa = PBXBuildFile; fileRef = 3BAF09A51F3BB8FC0018AA8B /* Resource.swift */; };
		3BAF09A81F3BBACC0018AA8B /* ResponseRoot.swift in Sources */ = {isa = PBXBuildFile; fileRef = 3BAF09A71F3BBACC0018AA8B /* ResponseRoot.swift */; };
		3BAF09AA1F3BC06F0018AA8B /* Relationship.swift in Sources */ = {isa = PBXBuildFile; fileRef = 3BAF09A91F3BC06F0018AA8B /* Relationship.swift */; };
		3BAF09AC1F3C10D10018AA8B /* SearchResults.swift in Sources */ = {isa = PBXBuildFile; fileRef = 3BAF09AB1F3C10D10018AA8B /* SearchResults.swift */; };
		3BAF09AE1F3C17670018AA8B /* Genre.swift in Sources */ = {isa = PBXBuildFile; fileRef = 3BAF09AD1F3C17670018AA8B /* Genre.swift */; };
		3BAF09B01F3C1D0C0018AA8B /* CiderClient.swift in Sources */ = {isa = PBXBuildFile; fileRef = 3BAF09AF1F3C1D0B0018AA8B /* CiderClient.swift */; };
		3BAF09B21F3C31FE0018AA8B /* Include.swift in Sources */ = {isa = PBXBuildFile; fileRef = 3BAF09B11F3C31FE0018AA8B /* Include.swift */; };
		3BD1D15A1F319C83001E9705 /* AlbumTests.swift in Sources */ = {isa = PBXBuildFile; fileRef = 3BD1D1591F319C83001E9705 /* AlbumTests.swift */; };
		3BD1D15C1F31A1D8001E9705 /* Album.swift in Sources */ = {isa = PBXBuildFile; fileRef = 3BD1D15B1F31A1D8001E9705 /* Album.swift */; };
		3BD1D15E1F31A462001E9705 /* PlayParameters.swift in Sources */ = {isa = PBXBuildFile; fileRef = 3BD1D15D1F31A462001E9705 /* PlayParameters.swift */; };
/* End PBXBuildFile section */

/* Begin PBXContainerItemProxy section */
		3BA049031F313BC4009DABCB /* PBXContainerItemProxy */ = {
			isa = PBXContainerItemProxy;
			containerPortal = 3BA048EF1F313BC4009DABCB /* Project object */;
			proxyType = 1;
			remoteGlobalIDString = 3BA048F71F313BC4009DABCB;
			remoteInfo = Cider;
		};
/* End PBXContainerItemProxy section */

/* Begin PBXFileReference section */
		3B1C41691F322B210000AADB /* Artwork.swift */ = {isa = PBXFileReference; lastKnownFileType = sourcecode.swift; path = Artwork.swift; sourceTree = "<group>"; };
		3B1C416B1F322BBE0000AADB /* album.json */ = {isa = PBXFileReference; lastKnownFileType = text.json; path = album.json; sourceTree = "<group>"; };
		3B1C416D1F322BEB0000AADB /* Track.swift */ = {isa = PBXFileReference; lastKnownFileType = sourcecode.swift; path = Track.swift; sourceTree = "<group>"; };
		3B2DEA811F31826100551AA2 /* CiderUrlBuilderTests.swift */ = {isa = PBXFileReference; lastKnownFileType = sourcecode.swift; path = CiderUrlBuilderTests.swift; sourceTree = "<group>"; };
		3B2DEA841F3193A600551AA2 /* search.json */ = {isa = PBXFileReference; lastKnownFileType = text.json; path = search.json; sourceTree = "<group>"; };
		3B58AC5B1F3503C3006112EC /* song.json */ = {isa = PBXFileReference; lastKnownFileType = text.json; path = song.json; sourceTree = "<group>"; };
		3B58AC5F1F350495006112EC /* TrackTests.swift */ = {isa = PBXFileReference; lastKnownFileType = sourcecode.swift; path = TrackTests.swift; sourceTree = "<group>"; };
		3B9B8C9C1F31B3EE009ECADB /* Artist.swift */ = {isa = PBXFileReference; lastKnownFileType = sourcecode.swift; path = Artist.swift; sourceTree = "<group>"; };
		3B9B8C9E1F31B473009ECADB /* MediaType.swift */ = {isa = PBXFileReference; lastKnownFileType = sourcecode.swift; path = MediaType.swift; sourceTree = "<group>"; };
		3B9B8CA01F31B4A5009ECADB /* XCTestCase+Helpers.swift */ = {isa = PBXFileReference; lastKnownFileType = sourcecode.swift; path = "XCTestCase+Helpers.swift"; sourceTree = "<group>"; };
		3B9B8CA21F32271C009ECADB /* EditorialNotes.swift */ = {isa = PBXFileReference; lastKnownFileType = sourcecode.swift; path = EditorialNotes.swift; sourceTree = "<group>"; };
		3B9B8CA41F322796009ECADB /* ArtistTests.swift */ = {isa = PBXFileReference; lastKnownFileType = sourcecode.swift; path = ArtistTests.swift; sourceTree = "<group>"; };
		3B9E36811F3142930014CB60 /* CiderUrlBuilder.swift */ = {isa = PBXFileReference; lastKnownFileType = sourcecode.swift; path = CiderUrlBuilder.swift; sourceTree = "<group>"; };
		3BA048F81F313BC4009DABCB /* Cider.framework */ = {isa = PBXFileReference; explicitFileType = wrapper.framework; includeInIndex = 0; path = Cider.framework; sourceTree = BUILT_PRODUCTS_DIR; };
		3BA048FB1F313BC4009DABCB /* Cider.h */ = {isa = PBXFileReference; lastKnownFileType = sourcecode.c.h; path = Cider.h; sourceTree = "<group>"; };
		3BA048FC1F313BC4009DABCB /* Info.plist */ = {isa = PBXFileReference; lastKnownFileType = text.plist.xml; path = Info.plist; sourceTree = "<group>"; };
		3BA049011F313BC4009DABCB /* CiderTests.xctest */ = {isa = PBXFileReference; explicitFileType = wrapper.cfbundle; includeInIndex = 0; path = CiderTests.xctest; sourceTree = BUILT_PRODUCTS_DIR; };
		3BA049081F313BC4009DABCB /* Info.plist */ = {isa = PBXFileReference; lastKnownFileType = text.plist.xml; path = Info.plist; sourceTree = "<group>"; };
		3BA5B9621F37788100480149 /* ArtworkTests.swift */ = {isa = PBXFileReference; lastKnownFileType = sourcecode.swift; path = ArtworkTests.swift; sourceTree = "<group>"; };
		3BAF09A01F3BB7050018AA8B /* ContentRating.swift */ = {isa = PBXFileReference; lastKnownFileType = sourcecode.swift; path = ContentRating.swift; sourceTree = "<group>"; };
		3BAF09A31F3BB7880018AA8B /* AppleMusicAPIError.swift */ = {isa = PBXFileReference; lastKnownFileType = sourcecode.swift; path = AppleMusicAPIError.swift; sourceTree = "<group>"; };
		3BAF09A51F3BB8FC0018AA8B /* Resource.swift */ = {isa = PBXFileReference; lastKnownFileType = sourcecode.swift; path = Resource.swift; sourceTree = "<group>"; };
		3BAF09A71F3BBACC0018AA8B /* ResponseRoot.swift */ = {isa = PBXFileReference; lastKnownFileType = sourcecode.swift; path = ResponseRoot.swift; sourceTree = "<group>"; };
		3BAF09A91F3BC06F0018AA8B /* Relationship.swift */ = {isa = PBXFileReference; lastKnownFileType = sourcecode.swift; path = Relationship.swift; sourceTree = "<group>"; };
		3BAF09AB1F3C10D10018AA8B /* SearchResults.swift */ = {isa = PBXFileReference; fileEncoding = 4; lastKnownFileType = sourcecode.swift; path = SearchResults.swift; sourceTree = "<group>"; };
		3BAF09AD1F3C17670018AA8B /* Genre.swift */ = {isa = PBXFileReference; lastKnownFileType = sourcecode.swift; path = Genre.swift; sourceTree = "<group>"; };
		3BAF09AF1F3C1D0B0018AA8B /* CiderClient.swift */ = {isa = PBXFileReference; fileEncoding = 4; lastKnownFileType = sourcecode.swift; path = CiderClient.swift; sourceTree = "<group>"; };
		3BAF09B11F3C31FE0018AA8B /* Include.swift */ = {isa = PBXFileReference; lastKnownFileType = sourcecode.swift; path = Include.swift; sourceTree = "<group>"; };
		3BD1D1591F319C83001E9705 /* AlbumTests.swift */ = {isa = PBXFileReference; lastKnownFileType = sourcecode.swift; path = AlbumTests.swift; sourceTree = "<group>"; };
		3BD1D15B1F31A1D8001E9705 /* Album.swift */ = {isa = PBXFileReference; fileEncoding = 4; lastKnownFileType = sourcecode.swift; path = Album.swift; sourceTree = "<group>"; };
		3BD1D15D1F31A462001E9705 /* PlayParameters.swift */ = {isa = PBXFileReference; lastKnownFileType = sourcecode.swift; path = PlayParameters.swift; sourceTree = "<group>"; };
/* End PBXFileReference section */

/* Begin PBXFrameworksBuildPhase section */
		3BA048F41F313BC4009DABCB /* Frameworks */ = {
			isa = PBXFrameworksBuildPhase;
			buildActionMask = 2147483647;
			files = (
			);
			runOnlyForDeploymentPostprocessing = 0;
		};
		3BA048FE1F313BC4009DABCB /* Frameworks */ = {
			isa = PBXFrameworksBuildPhase;
			buildActionMask = 2147483647;
			files = (
				3BA049021F313BC4009DABCB /* Cider.framework in Frameworks */,
			);
			runOnlyForDeploymentPostprocessing = 0;
		};
/* End PBXFrameworksBuildPhase section */

/* Begin PBXGroup section */
		3B2DEA831F31937300551AA2 /* Fixtures */ = {
			isa = PBXGroup;
			children = (
				3B2DEA841F3193A600551AA2 /* search.json */,
				3B1C416B1F322BBE0000AADB /* album.json */,
				3B58AC5B1F3503C3006112EC /* song.json */,
			);
			path = Fixtures;
			sourceTree = "<group>";
		};
		3B58AC631F35314F006112EC /* Client */ = {
			isa = PBXGroup;
			children = (
				3BAF09AF1F3C1D0B0018AA8B /* CiderClient.swift */,
				3B9E36811F3142930014CB60 /* CiderUrlBuilder.swift */,
				3BAF09B11F3C31FE0018AA8B /* Include.swift */,
			);
			path = Client;
			sourceTree = "<group>";
		};
		3B5B5C6D1F3BB40700B56BC2 /* ResourceObjects */ = {
			isa = PBXGroup;
			children = (
				3BD1D15B1F31A1D8001E9705 /* Album.swift */,
				3B9B8C9C1F31B3EE009ECADB /* Artist.swift */,
				3B1C41691F322B210000AADB /* Artwork.swift */,
				3BAF09A01F3BB7050018AA8B /* ContentRating.swift */,
				3B9B8CA21F32271C009ECADB /* EditorialNotes.swift */,
				3BAF09AD1F3C17670018AA8B /* Genre.swift */,
				3B9B8C9E1F31B473009ECADB /* MediaType.swift */,
				3BD1D15D1F31A462001E9705 /* PlayParameters.swift */,
				3B1C416D1F322BEB0000AADB /* Track.swift */,
			);
			path = ResourceObjects;
			sourceTree = "<group>";
		};
		3BA048EE1F313BC4009DABCB = {
			isa = PBXGroup;
			children = (
				3BA048FA1F313BC4009DABCB /* Cider */,
				3BA049051F313BC4009DABCB /* CiderTests */,
				3BA048F91F313BC4009DABCB /* Products */,
			);
			sourceTree = "<group>";
		};
		3BA048F91F313BC4009DABCB /* Products */ = {
			isa = PBXGroup;
			children = (
				3BA048F81F313BC4009DABCB /* Cider.framework */,
				3BA049011F313BC4009DABCB /* CiderTests.xctest */,
			);
			name = Products;
			sourceTree = "<group>";
		};
		3BA048FA1F313BC4009DABCB /* Cider */ = {
			isa = PBXGroup;
			children = (
				3BAF09A21F3BB7650018AA8B /* CoreObjects */,
				3B5B5C6D1F3BB40700B56BC2 /* ResourceObjects */,
				3B58AC631F35314F006112EC /* Client */,
				3BA048FB1F313BC4009DABCB /* Cider.h */,
				3BA048FC1F313BC4009DABCB /* Info.plist */,
			);
			name = Cider;
			path = Sources/Cider;
			sourceTree = "<group>";
		};
		3BA049051F313BC4009DABCB /* CiderTests */ = {
			isa = PBXGroup;
			children = (
				3B2DEA831F31937300551AA2 /* Fixtures */,
				3BA049081F313BC4009DABCB /* Info.plist */,
				3B2DEA811F31826100551AA2 /* CiderUrlBuilderTests.swift */,
				3BD1D1591F319C83001E9705 /* AlbumTests.swift */,
				3B9B8CA01F31B4A5009ECADB /* XCTestCase+Helpers.swift */,
				3B9B8CA41F322796009ECADB /* ArtistTests.swift */,
				3B58AC5F1F350495006112EC /* TrackTests.swift */,
				3BA5B9621F37788100480149 /* ArtworkTests.swift */,
			);
			name = CiderTests;
			path = Tests/CiderTests;
			sourceTree = "<group>";
		};
		3BAF09A21F3BB7650018AA8B /* CoreObjects */ = {
			isa = PBXGroup;
			children = (
				3BAF09A31F3BB7880018AA8B /* AppleMusicAPIError.swift */,
				3BAF09A91F3BC06F0018AA8B /* Relationship.swift */,
				3BAF09A51F3BB8FC0018AA8B /* Resource.swift */,
				3BAF09A71F3BBACC0018AA8B /* ResponseRoot.swift */,
				3BAF09AB1F3C10D10018AA8B /* SearchResults.swift */,
			);
			path = CoreObjects;
			sourceTree = "<group>";
		};
/* End PBXGroup section */

/* Begin PBXHeadersBuildPhase section */
		3BA048F51F313BC4009DABCB /* Headers */ = {
			isa = PBXHeadersBuildPhase;
			buildActionMask = 2147483647;
			files = (
				3BA049091F313BC4009DABCB /* Cider.h in Headers */,
			);
			runOnlyForDeploymentPostprocessing = 0;
		};
/* End PBXHeadersBuildPhase section */

/* Begin PBXNativeTarget section */
		3BA048F71F313BC4009DABCB /* Cider */ = {
			isa = PBXNativeTarget;
			buildConfigurationList = 3BA0490C1F313BC4009DABCB /* Build configuration list for PBXNativeTarget "Cider" */;
			buildPhases = (
				3BA048F31F313BC4009DABCB /* Sources */,
				3BA048F41F313BC4009DABCB /* Frameworks */,
				3BA048F51F313BC4009DABCB /* Headers */,
				3BA048F61F313BC4009DABCB /* Resources */,
			);
			buildRules = (
			);
			dependencies = (
			);
			name = Cider;
			productName = Cider;
			productReference = 3BA048F81F313BC4009DABCB /* Cider.framework */;
			productType = "com.apple.product-type.framework";
		};
		3BA049001F313BC4009DABCB /* CiderTests */ = {
			isa = PBXNativeTarget;
			buildConfigurationList = 3BA0490F1F313BC4009DABCB /* Build configuration list for PBXNativeTarget "CiderTests" */;
			buildPhases = (
				3BA048FD1F313BC4009DABCB /* Sources */,
				3BA048FE1F313BC4009DABCB /* Frameworks */,
				3BA048FF1F313BC4009DABCB /* Resources */,
			);
			buildRules = (
			);
			dependencies = (
				3BA049041F313BC4009DABCB /* PBXTargetDependency */,
			);
			name = CiderTests;
			productName = CiderTests;
			productReference = 3BA049011F313BC4009DABCB /* CiderTests.xctest */;
			productType = "com.apple.product-type.bundle.unit-test";
		};
/* End PBXNativeTarget section */

/* Begin PBXProject section */
		3BA048EF1F313BC4009DABCB /* Project object */ = {
			isa = PBXProject;
			attributes = {
				LastSwiftUpdateCheck = 0900;
				LastUpgradeCheck = 0900;
				ORGANIZATIONNAME = "Scott Hoyt";
				TargetAttributes = {
					3BA048F71F313BC4009DABCB = {
						CreatedOnToolsVersion = 9.0;
						LastSwiftMigration = 0900;
					};
					3BA049001F313BC4009DABCB = {
						CreatedOnToolsVersion = 9.0;
					};
				};
			};
			buildConfigurationList = 3BA048F21F313BC4009DABCB /* Build configuration list for PBXProject "Cider" */;
			compatibilityVersion = "Xcode 8.0";
			developmentRegion = en;
			hasScannedForEncodings = 0;
			knownRegions = (
				en,
			);
			mainGroup = 3BA048EE1F313BC4009DABCB;
			productRefGroup = 3BA048F91F313BC4009DABCB /* Products */;
			projectDirPath = "";
			projectRoot = "";
			targets = (
				3BA048F71F313BC4009DABCB /* Cider */,
				3BA049001F313BC4009DABCB /* CiderTests */,
			);
		};
/* End PBXProject section */

/* Begin PBXResourcesBuildPhase section */
		3BA048F61F313BC4009DABCB /* Resources */ = {
			isa = PBXResourcesBuildPhase;
			buildActionMask = 2147483647;
			files = (
			);
			runOnlyForDeploymentPostprocessing = 0;
		};
		3BA048FF1F313BC4009DABCB /* Resources */ = {
			isa = PBXResourcesBuildPhase;
			buildActionMask = 2147483647;
			files = (
				3B2DEA851F3193A600551AA2 /* search.json in Resources */,
				3B58AC5C1F3503C3006112EC /* song.json in Resources */,
				3B1C416C1F322BBE0000AADB /* album.json in Resources */,
			);
			runOnlyForDeploymentPostprocessing = 0;
		};
/* End PBXResourcesBuildPhase section */

/* Begin PBXSourcesBuildPhase section */
		3BA048F31F313BC4009DABCB /* Sources */ = {
			isa = PBXSourcesBuildPhase;
			buildActionMask = 2147483647;
			files = (
				3B9B8C9F1F31B473009ECADB /* MediaType.swift in Sources */,
				3B1C416A1F322B210000AADB /* Artwork.swift in Sources */,
				3BD1D15E1F31A462001E9705 /* PlayParameters.swift in Sources */,
				3B9B8CA31F32271C009ECADB /* EditorialNotes.swift in Sources */,
				3BAF09A11F3BB7050018AA8B /* ContentRating.swift in Sources */,
				3BAF09B21F3C31FE0018AA8B /* Include.swift in Sources */,
				3B1C416E1F322BEB0000AADB /* Track.swift in Sources */,
				3BAF09AE1F3C17670018AA8B /* Genre.swift in Sources */,
				3B9E36821F3142930014CB60 /* CiderUrlBuilder.swift in Sources */,
				3BAF09A41F3BB7880018AA8B /* AppleMusicAPIError.swift in Sources */,
				3BAF09AC1F3C10D10018AA8B /* SearchResults.swift in Sources */,
				3B9B8C9D1F31B3EE009ECADB /* Artist.swift in Sources */,
				3BD1D15C1F31A1D8001E9705 /* Album.swift in Sources */,
				3BAF09A61F3BB8FC0018AA8B /* Resource.swift in Sources */,
				3BAF09B01F3C1D0C0018AA8B /* CiderClient.swift in Sources */,
				3BAF09A81F3BBACC0018AA8B /* ResponseRoot.swift in Sources */,
				3BAF09AA1F3BC06F0018AA8B /* Relationship.swift in Sources */,
			);
			runOnlyForDeploymentPostprocessing = 0;
		};
		3BA048FD1F313BC4009DABCB /* Sources */ = {
			isa = PBXSourcesBuildPhase;
			buildActionMask = 2147483647;
			files = (
				3B9B8CA11F31B4A5009ECADB /* XCTestCase+Helpers.swift in Sources */,
				3B58AC601F350495006112EC /* TrackTests.swift in Sources */,
				3B2DEA821F31826100551AA2 /* CiderUrlBuilderTests.swift in Sources */,
				3B9B8CA51F322796009ECADB /* ArtistTests.swift in Sources */,
				3BA5B9631F37788100480149 /* ArtworkTests.swift in Sources */,
				3BD1D15A1F319C83001E9705 /* AlbumTests.swift in Sources */,
			);
			runOnlyForDeploymentPostprocessing = 0;
		};
/* End PBXSourcesBuildPhase section */

/* Begin PBXTargetDependency section */
		3BA049041F313BC4009DABCB /* PBXTargetDependency */ = {
			isa = PBXTargetDependency;
			target = 3BA048F71F313BC4009DABCB /* Cider */;
			targetProxy = 3BA049031F313BC4009DABCB /* PBXContainerItemProxy */;
		};
/* End PBXTargetDependency section */

/* Begin XCBuildConfiguration section */
		3BA0490A1F313BC4009DABCB /* Debug */ = {
			isa = XCBuildConfiguration;
			buildSettings = {
				ALWAYS_SEARCH_USER_PATHS = NO;
				CLANG_ANALYZER_NONNULL = YES;
				CLANG_ANALYZER_NUMBER_OBJECT_CONVERSION = YES_AGGRESSIVE;
				CLANG_CXX_LANGUAGE_STANDARD = "gnu++14";
				CLANG_CXX_LIBRARY = "libc++";
				CLANG_ENABLE_MODULES = YES;
				CLANG_ENABLE_OBJC_ARC = YES;
				CLANG_WARN_BLOCK_CAPTURE_AUTORELEASING = YES;
				CLANG_WARN_BOOL_CONVERSION = YES;
				CLANG_WARN_COMMA = YES;
				CLANG_WARN_CONSTANT_CONVERSION = YES;
				CLANG_WARN_DIRECT_OBJC_ISA_USAGE = YES_ERROR;
				CLANG_WARN_DOCUMENTATION_COMMENTS = YES;
				CLANG_WARN_EMPTY_BODY = YES;
				CLANG_WARN_ENUM_CONVERSION = YES;
				CLANG_WARN_INFINITE_RECURSION = YES;
				CLANG_WARN_INT_CONVERSION = YES;
				CLANG_WARN_NON_LITERAL_NULL_CONVERSION = YES;
				CLANG_WARN_OBJC_LITERAL_CONVERSION = YES;
				CLANG_WARN_OBJC_ROOT_CLASS = YES_ERROR;
				CLANG_WARN_RANGE_LOOP_ANALYSIS = YES;
				CLANG_WARN_STRICT_PROTOTYPES = YES;
				CLANG_WARN_SUSPICIOUS_MOVE = YES;
				CLANG_WARN_UNGUARDED_AVAILABILITY = YES_AGGRESSIVE;
				CLANG_WARN_UNREACHABLE_CODE = YES;
				CLANG_WARN__DUPLICATE_METHOD_MATCH = YES;
				CODE_SIGN_IDENTITY = "iPhone Developer";
				COPY_PHASE_STRIP = NO;
				CURRENT_PROJECT_VERSION = 1;
				DEBUG_INFORMATION_FORMAT = dwarf;
				ENABLE_STRICT_OBJC_MSGSEND = YES;
				ENABLE_TESTABILITY = YES;
				GCC_C_LANGUAGE_STANDARD = gnu11;
				GCC_DYNAMIC_NO_PIC = NO;
				GCC_NO_COMMON_BLOCKS = YES;
				GCC_OPTIMIZATION_LEVEL = 0;
				GCC_PREPROCESSOR_DEFINITIONS = (
					"DEBUG=1",
					"$(inherited)",
				);
				GCC_WARN_64_TO_32_BIT_CONVERSION = YES;
				GCC_WARN_ABOUT_RETURN_TYPE = YES_ERROR;
				GCC_WARN_UNDECLARED_SELECTOR = YES;
				GCC_WARN_UNINITIALIZED_AUTOS = YES_AGGRESSIVE;
				GCC_WARN_UNUSED_FUNCTION = YES;
				GCC_WARN_UNUSED_VARIABLE = YES;
				IPHONEOS_DEPLOYMENT_TARGET = 11.0;
				MTL_ENABLE_DEBUG_INFO = YES;
				ONLY_ACTIVE_ARCH = YES;
				SDKROOT = iphoneos;
				SWIFT_ACTIVE_COMPILATION_CONDITIONS = DEBUG;
				SWIFT_OPTIMIZATION_LEVEL = "-Onone";
				VERSIONING_SYSTEM = "apple-generic";
				VERSION_INFO_PREFIX = "";
			};
			name = Debug;
		};
		3BA0490B1F313BC4009DABCB /* Release */ = {
			isa = XCBuildConfiguration;
			buildSettings = {
				ALWAYS_SEARCH_USER_PATHS = NO;
				CLANG_ANALYZER_NONNULL = YES;
				CLANG_ANALYZER_NUMBER_OBJECT_CONVERSION = YES_AGGRESSIVE;
				CLANG_CXX_LANGUAGE_STANDARD = "gnu++14";
				CLANG_CXX_LIBRARY = "libc++";
				CLANG_ENABLE_MODULES = YES;
				CLANG_ENABLE_OBJC_ARC = YES;
				CLANG_WARN_BLOCK_CAPTURE_AUTORELEASING = YES;
				CLANG_WARN_BOOL_CONVERSION = YES;
				CLANG_WARN_COMMA = YES;
				CLANG_WARN_CONSTANT_CONVERSION = YES;
				CLANG_WARN_DIRECT_OBJC_ISA_USAGE = YES_ERROR;
				CLANG_WARN_DOCUMENTATION_COMMENTS = YES;
				CLANG_WARN_EMPTY_BODY = YES;
				CLANG_WARN_ENUM_CONVERSION = YES;
				CLANG_WARN_INFINITE_RECURSION = YES;
				CLANG_WARN_INT_CONVERSION = YES;
				CLANG_WARN_NON_LITERAL_NULL_CONVERSION = YES;
				CLANG_WARN_OBJC_LITERAL_CONVERSION = YES;
				CLANG_WARN_OBJC_ROOT_CLASS = YES_ERROR;
				CLANG_WARN_RANGE_LOOP_ANALYSIS = YES;
				CLANG_WARN_STRICT_PROTOTYPES = YES;
				CLANG_WARN_SUSPICIOUS_MOVE = YES;
				CLANG_WARN_UNGUARDED_AVAILABILITY = YES_AGGRESSIVE;
				CLANG_WARN_UNREACHABLE_CODE = YES;
				CLANG_WARN__DUPLICATE_METHOD_MATCH = YES;
				CODE_SIGN_IDENTITY = "iPhone Developer";
				COPY_PHASE_STRIP = NO;
				CURRENT_PROJECT_VERSION = 1;
				DEBUG_INFORMATION_FORMAT = "dwarf-with-dsym";
				ENABLE_NS_ASSERTIONS = NO;
				ENABLE_STRICT_OBJC_MSGSEND = YES;
				GCC_C_LANGUAGE_STANDARD = gnu11;
				GCC_NO_COMMON_BLOCKS = YES;
				GCC_WARN_64_TO_32_BIT_CONVERSION = YES;
				GCC_WARN_ABOUT_RETURN_TYPE = YES_ERROR;
				GCC_WARN_UNDECLARED_SELECTOR = YES;
				GCC_WARN_UNINITIALIZED_AUTOS = YES_AGGRESSIVE;
				GCC_WARN_UNUSED_FUNCTION = YES;
				GCC_WARN_UNUSED_VARIABLE = YES;
				IPHONEOS_DEPLOYMENT_TARGET = 11.0;
				MTL_ENABLE_DEBUG_INFO = NO;
				SDKROOT = iphoneos;
				SWIFT_OPTIMIZATION_LEVEL = "-Owholemodule";
				VALIDATE_PRODUCT = YES;
				VERSIONING_SYSTEM = "apple-generic";
				VERSION_INFO_PREFIX = "";
			};
			name = Release;
		};
		3BA0490D1F313BC4009DABCB /* Debug */ = {
			isa = XCBuildConfiguration;
			buildSettings = {
				CLANG_ENABLE_MODULES = YES;
				CODE_SIGN_IDENTITY = "";
				DEFINES_MODULE = YES;
				DEVELOPMENT_TEAM = 6GXULLP7L9;
				DYLIB_COMPATIBILITY_VERSION = 1;
				DYLIB_CURRENT_VERSION = 1;
				DYLIB_INSTALL_NAME_BASE = "@rpath";
				INFOPLIST_FILE = "$(SRCROOT)/Sources/Cider/Info.plist";
				INSTALL_PATH = "$(LOCAL_LIBRARY_DIR)/Frameworks";
				LD_RUNPATH_SEARCH_PATHS = "$(inherited) @executable_path/Frameworks @loader_path/Frameworks";
				PRODUCT_BUNDLE_IDENTIFIER = com.scotthoyt.Cider;
				PRODUCT_NAME = "$(TARGET_NAME:c99extidentifier)";
				SKIP_INSTALL = YES;
				SWIFT_OPTIMIZATION_LEVEL = "-Onone";
				SWIFT_VERSION = 4.0;
				TARGETED_DEVICE_FAMILY = "1,2";
			};
			name = Debug;
		};
		3BA0490E1F313BC4009DABCB /* Release */ = {
			isa = XCBuildConfiguration;
			buildSettings = {
				CLANG_ENABLE_MODULES = YES;
				CODE_SIGN_IDENTITY = "";
				DEFINES_MODULE = YES;
				DEVELOPMENT_TEAM = 6GXULLP7L9;
				DYLIB_COMPATIBILITY_VERSION = 1;
				DYLIB_CURRENT_VERSION = 1;
				DYLIB_INSTALL_NAME_BASE = "@rpath";
				INFOPLIST_FILE = "$(SRCROOT)/Sources/Cider/Info.plist";
				INSTALL_PATH = "$(LOCAL_LIBRARY_DIR)/Frameworks";
				LD_RUNPATH_SEARCH_PATHS = "$(inherited) @executable_path/Frameworks @loader_path/Frameworks";
				PRODUCT_BUNDLE_IDENTIFIER = com.scotthoyt.Cider;
				PRODUCT_NAME = "$(TARGET_NAME:c99extidentifier)";
				SKIP_INSTALL = YES;
				SWIFT_VERSION = 4.0;
				TARGETED_DEVICE_FAMILY = "1,2";
			};
			name = Release;
		};
		3BA049101F313BC4009DABCB /* Debug */ = {
			isa = XCBuildConfiguration;
			buildSettings = {
				ALWAYS_EMBED_SWIFT_STANDARD_LIBRARIES = YES;
				DEVELOPMENT_TEAM = 6GXULLP7L9;
				INFOPLIST_FILE = Tests/CiderTests/Info.plist;
				LD_RUNPATH_SEARCH_PATHS = "$(inherited) @executable_path/Frameworks @loader_path/Frameworks";
				PRODUCT_BUNDLE_IDENTIFIER = com.scotthoyt.CiderTests;
				PRODUCT_NAME = "$(TARGET_NAME)";
				SWIFT_VERSION = 4.0;
				TARGETED_DEVICE_FAMILY = "1,2";
			};
			name = Debug;
		};
		3BA049111F313BC4009DABCB /* Release */ = {
			isa = XCBuildConfiguration;
			buildSettings = {
				ALWAYS_EMBED_SWIFT_STANDARD_LIBRARIES = YES;
				DEVELOPMENT_TEAM = 6GXULLP7L9;
				INFOPLIST_FILE = Tests/CiderTests/Info.plist;
				LD_RUNPATH_SEARCH_PATHS = "$(inherited) @executable_path/Frameworks @loader_path/Frameworks";
				PRODUCT_BUNDLE_IDENTIFIER = com.scotthoyt.CiderTests;
				PRODUCT_NAME = "$(TARGET_NAME)";
				SWIFT_VERSION = 4.0;
				TARGETED_DEVICE_FAMILY = "1,2";
			};
			name = Release;
		};
/* End XCBuildConfiguration section */

/* Begin XCConfigurationList section */
		3BA048F21F313BC4009DABCB /* Build configuration list for PBXProject "Cider" */ = {
			isa = XCConfigurationList;
			buildConfigurations = (
				3BA0490A1F313BC4009DABCB /* Debug */,
				3BA0490B1F313BC4009DABCB /* Release */,
			);
			defaultConfigurationIsVisible = 0;
			defaultConfigurationName = Release;
		};
		3BA0490C1F313BC4009DABCB /* Build configuration list for PBXNativeTarget "Cider" */ = {
			isa = XCConfigurationList;
			buildConfigurations = (
				3BA0490D1F313BC4009DABCB /* Debug */,
				3BA0490E1F313BC4009DABCB /* Release */,
			);
			defaultConfigurationIsVisible = 0;
			defaultConfigurationName = Release;
		};
		3BA0490F1F313BC4009DABCB /* Build configuration list for PBXNativeTarget "CiderTests" */ = {
			isa = XCConfigurationList;
			buildConfigurations = (
				3BA049101F313BC4009DABCB /* Debug */,
				3BA049111F313BC4009DABCB /* Release */,
			);
			defaultConfigurationIsVisible = 0;
			defaultConfigurationName = Release;
		};
/* End XCConfigurationList section */
	};
	rootObject = 3BA048EF1F313BC4009DABCB /* Project object */;
}
